
Microsoft Visual Studio Solution File, Format Version 12.00
# Visual Studio 2013
VisualStudioVersion = 12.0.30723.0
MinimumVisualStudioVersion = 10.0.40219.1
Project("{FAE04EC0-301F-11D3-BF4B-00C04F79EFBC}") = "CalvaryOpebBibleWebsite", "CalvaryOpebBibleWebsite\CalvaryOpebBibleWebsite.csproj", "{548D63E3-572A-464D-927F-D7805BA831A6}"
EndProject
Project("{FAE04EC0-301F-11D3-BF4B-00C04F79EFBC}") = "CalvaryOpebBibleWebsite.Tests", "CalvaryOpebBibleWebsite.Tests\CalvaryOpebBibleWebsite.Tests.csproj", "{FA3F8261-51D9-4180-B39C-44D762FD3EAA}"
EndProject
Project("{2150E333-8FDC-42A3-9474-1A3956D46DE8}") = ".nuget", ".nuget", "{69776EF0-65E3-4FF4-962B-86D980077307}"
	ProjectSection(SolutionItems) = preProject
		.nuget\packages.config = .nuget\packages.config
	EndProjectSection
EndProject
Global
	GlobalSection(SolutionConfigurationPlatforms) = preSolution
		Debug|Any CPU = Debug|Any CPU
		Release|Any CPU = Release|Any CPU
	EndGlobalSection
	GlobalSection(ProjectConfigurationPlatforms) = postSolution
		{548D63E3-572A-464D-927F-D7805BA831A6}.Debug|Any CPU.ActiveCfg = Debug|Any CPU
		{548D63E3-572A-464D-927F-D7805BA831A6}.Debug|Any CPU.Build.0 = Debug|Any CPU
		{548D63E3-572A-464D-927F-D7805BA831A6}.Release|Any CPU.ActiveCfg = Release|Any CPU
		{548D63E3-572A-464D-927F-D7805BA831A6}.Release|Any CPU.Build.0 = Release|Any CPU
		{FA3F8261-51D9-4180-B39C-44D762FD3EAA}.Debug|Any CPU.ActiveCfg = Debug|Any CPU
		{FA3F8261-51D9-4180-B39C-44D762FD3EAA}.Debug|Any CPU.Build.0 = Debug|Any CPU
		{FA3F8261-51D9-4180-B39C-44D762FD3EAA}.Release|Any CPU.ActiveCfg = Release|Any CPU
		{FA3F8261-51D9-4180-B39C-44D762FD3EAA}.Release|Any CPU.Build.0 = Release|Any CPU
	EndGlobalSection
	GlobalSection(SolutionProperties) = preSolution
		HideSolutionNode = FALSE
	EndGlobalSection
EndGlobal
